
Microsoft Visual Studio Solution File, Format Version 12.00
# Visual Studio 2017
Project("{FAE04EC0-301F-11D3-BF4B-00C04F79EFBC}") = "2D-Roguelike-master", "2D-Roguelike-master.csproj", "{431413D3-00D4-BC98-6FE0-29F207F08C87}"
EndProject
Global
	GlobalSection(SolutionConfigurationPlatforms) = preSolution
		Debug|Any CPU = Debug|Any CPU
		Release|Any CPU = Release|Any CPU
	EndGlobalSection
	GlobalSection(ProjectConfigurationPlatforms) = postSolution
		{431413D3-00D4-BC98-6FE0-29F207F08C87}.Debug|Any CPU.ActiveCfg = Debug|Any CPU
		{431413D3-00D4-BC98-6FE0-29F207F08C87}.Debug|Any CPU.Build.0 = Debug|Any CPU
		{431413D3-00D4-BC98-6FE0-29F207F08C87}.Release|Any CPU.ActiveCfg = Release|Any CPU
		{431413D3-00D4-BC98-6FE0-29F207F08C87}.Release|Any CPU.Build.0 = Release|Any CPU
	EndGlobalSection
	GlobalSection(SolutionProperties) = preSolution
		HideSolutionNode = FALSE
	EndGlobalSection
EndGlobal
